
Microsoft Visual Studio Solution File, Format Version 12.00
# Visual Studio 15
VisualStudioVersion = 15.0.28307.168
MinimumVisualStudioVersion = 10.0.40219.1
Project("{FAE04EC0-301F-11D3-BF4B-00C04F79EFBC}") = "KarlAI", "KarlAI\KarlAI.csproj", "{5BFDA0E5-3B34-4C7D-B909-FB05951EEAD7}"
EndProject
Global
	GlobalSection(SolutionConfigurationPlatforms) = preSolution
		Debug|Any CPU = Debug|Any CPU
		Release|Any CPU = Release|Any CPU
	EndGlobalSection
	GlobalSection(ProjectConfigurationPlatforms) = postSolution
		{5BFDA0E5-3B34-4C7D-B909-FB05951EEAD7}.Debug|Any CPU.ActiveCfg = Debug|Any CPU
		{5BFDA0E5-3B34-4C7D-B909-FB05951EEAD7}.Debug|Any CPU.Build.0 = Debug|Any CPU
		{5BFDA0E5-3B34-4C7D-B909-FB05951EEAD7}.Release|Any CPU.ActiveCfg = Release|Any CPU
		{5BFDA0E5-3B34-4C7D-B909-FB05951EEAD7}.Release|Any CPU.Build.0 = Release|Any CPU
	EndGlobalSection
	GlobalSection(SolutionProperties) = preSolution
		HideSolutionNode = FALSE
	EndGlobalSection
	GlobalSection(ExtensibilityGlobals) = postSolution
		SolutionGuid = {21F42C86-A448-444A-8083-3B36F8BF208C}
	EndGlobalSection
EndGlobal
